
Microsoft Visual Studio Solution File, Format Version 12.00
# Visual Studio Version 16
VisualStudioVersion = 16.0.33027.164
MinimumVisualStudioVersion = 10.0.40219.1
Project("{FAE04EC0-301F-11D3-BF4B-00C04F79EFBC}") = "WindowsFormsDataGrid", "WindowsFormsListPanel1\WindowsFormsDataGrid.csproj", "{9E8BEFBF-9285-43DA-A986-892E3A5FAA41}"
EndProject
Global
	GlobalSection(SolutionConfigurationPlatforms) = preSolution
		Debug|Any CPU = Debug|Any CPU
		Release|Any CPU = Release|Any CPU
	EndGlobalSection
	GlobalSection(ProjectConfigurationPlatforms) = postSolution
		{9E8BEFBF-9285-43DA-A986-892E3A5FAA41}.Debug|Any CPU.ActiveCfg = Debug|Any CPU
		{9E8BEFBF-9285-43DA-A986-892E3A5FAA41}.Debug|Any CPU.Build.0 = Debug|Any CPU
		{9E8BEFBF-9285-43DA-A986-892E3A5FAA41}.Release|Any CPU.ActiveCfg = Release|Any CPU
		{9E8BEFBF-9285-43DA-A986-892E3A5FAA41}.Release|Any CPU.Build.0 = Release|Any CPU
	EndGlobalSection
	GlobalSection(SolutionProperties) = preSolution
		HideSolutionNode = FALSE
	EndGlobalSection
	GlobalSection(ExtensibilityGlobals) = postSolution
		SolutionGuid = {E08710F0-65D4-4E07-8C67-B5AD0B0909DC}
	EndGlobalSection
EndGlobal
